<?xml version="1.0" encoding="utf-8"?>
<Project ToolsVersion="4.0" xmlns="http://schemas.microsoft.com/developer/msbuild/2003">
  <ItemGroup>
    <Filter Include="src">
      <UniqueIdentifier>{a689b92d-d608-416a-83ac-a67314eb2dd5}</UniqueIdentifier>
    </Filter>
    <Filter Include="includes">
      <UniqueIdentifier>{3155284a-a4f6-4aba-894a-eae444d690e2}</UniqueIdentifier>
    </Filter>
    <Filter Include="libs">
      <UniqueIdentifier>{11af81eb-9e01-48c5-ba30-98cbea3ab870}</UniqueIdentifier>
    </Filter>
    <Filter Include="utils">
      <UniqueIdentifier>{f2887002-3e45-464e-8d3c-89d090ae2b40}</UniqueIdentifier>
    </Filter>
    <Filter Include="utils\imgui">
      <UniqueIdentifier>{44eae0c7-8330-43ad-b9d9-1c3751739210}</UniqueIdentifier>
    </Filter>
    <Filter Include="utils\sdl">
      <UniqueIdentifier>{b79e2d1e-616f-402e-ac0d-cb8c726a185d}</UniqueIdentifier>
    </Filter>
    <Filter Include="libs\imgui">
      <UniqueIdentifier>{fa39f4fc-f493-40e5-bf58-74e3a6416f35}</UniqueIdentifier>
    </Filter>
    <Filter Include="libs\imgui\backends">
      <UniqueIdentifier>{3275f250-00d5-4d58-9a5e-98a1fd40d4a7}</UniqueIdentifier>
    </Filter>
    <Filter Include="libs\sdl">
      <UniqueIdentifier>{8191ff30-73b6-49ac-9084-f9aefb32898a}</UniqueIdentifier>
    </Filter>
    <Filter Include="libs\sdl\cmake">
      <UniqueIdentifier>{b46a1dea-f516-4f7c-bcab-88229f1d1509}</UniqueIdentifier>
    </Filter>
    <Filter Include="libs\sdl\lib">
      <UniqueIdentifier>{7173db54-594a-4620-8178-c41e68898c31}</UniqueIdentifier>
    </Filter>
    <Filter Include="libs\sdl\include">
      <UniqueIdentifier>{ab63cd4d-40d4-4fdd-80b0-55c189bef00a}</UniqueIdentifier>
    </Filter>
    <Filter Include="libs\sdl\include\SDL3">
      <UniqueIdentifier>{eaefc66b-89c6-40bf-936d-8df3fe9d72d9}</UniqueIdentifier>
    </Filter>
  </ItemGroup>
  <ItemGroup>
    <ClCompile Include="src\main.cpp">
      <Filter>src</Filter>
    </ClCompile>
    <ClCompile Include="libs\imgui\imgui.cpp">
      <Filter>libs\imgui</Filter>
    </ClCompile>
    <ClCompile Include="libs\imgui\imgui_demo.cpp">
      <Filter>libs\imgui</Filter>
    </ClCompile>
    <ClCompile Include="libs\imgui\imgui_draw.cpp">
      <Filter>libs\imgui</Filter>
    </ClCompile>
    <ClCompile Include="libs\imgui\imgui_tables.cpp">
      <Filter>libs\imgui</Filter>
    </ClCompile>
    <ClCompile Include="libs\imgui\imgui_widgets.cpp">
      <Filter>libs\imgui</Filter>
    </ClCompile>
    <ClCompile Include="libs\imgui\backends\imgui_impl_sdl3.cpp">
      <Filter>libs\imgui\backends</Filter>
    </ClCompile>
    <ClCompile Include="libs\imgui\backends\imgui_impl_sdlrenderer3.cpp">
      <Filter>libs\imgui\backends</Filter>
    </ClCompile>
    <ClCompile Include="libs\imgui\backends\imgui_impl_win32.cpp">
      <Filter>libs\imgui\backends</Filter>
    </ClCompile>
    <ClCompile Include="src\timer_manager.cpp">
      <Filter>src</Filter>
    </ClCompile>
    <ClCompile Include="utils\sdl\u_sdl.cpp">
      <Filter>utils\sdl</Filter>
    </ClCompile>
    <ClCompile Include="utils\imgui\u_imgui.cpp">
      <Filter>utils\imgui</Filter>
    </ClCompile>
  </ItemGroup>
  <ItemGroup>
    <ClInclude Include="libs\imgui\imconfig.h">
      <Filter>libs\imgui</Filter>
    </ClInclude>
    <ClInclude Include="libs\imgui\imgui.h">
      <Filter>libs\imgui</Filter>
    </ClInclude>
    <ClInclude Include="libs\imgui\imgui_internal.h">
      <Filter>libs\imgui</Filter>
    </ClInclude>
    <ClInclude Include="libs\imgui\imstb_rectpack.h">
      <Filter>libs\imgui</Filter>
    </ClInclude>
    <ClInclude Include="libs\imgui\imstb_textedit.h">
      <Filter>libs\imgui</Filter>
    </ClInclude>
    <ClInclude Include="libs\imgui\imstb_truetype.h">
      <Filter>libs\imgui</Filter>
    </ClInclude>
    <ClInclude Include="libs\imgui\backends\imgui_impl_sdl3.h">
      <Filter>libs\imgui\backends</Filter>
    </ClInclude>
    <ClInclude Include="libs\imgui\backends\imgui_impl_sdlrenderer3.h">
      <Filter>libs\imgui\backends</Filter>
    </ClInclude>
    <ClInclude Include="libs\imgui\backends\imgui_impl_win32.h">
      <Filter>libs\imgui\backends</Filter>
    </ClInclude>
    <ClInclude Include="libs\sdl\include\SDL3\SDL_test_fuzzer.h">
      <Filter>libs\sdl\include\SDL3</Filter>
    </ClInclude>
    <ClInclude Include="libs\sdl\include\SDL3\SDL_test_harness.h">
      <Filter>libs\sdl\include\SDL3</Filter>
    </ClInclude>
    <ClInclude Include="libs\sdl\include\SDL3\SDL_test_log.h">
      <Filter>libs\sdl\include\SDL3</Filter>
    </ClInclude>
    <ClInclude Include="libs\sdl\include\SDL3\SDL_test_md5.h">
      <Filter>libs\sdl\include\SDL3</Filter>
    </ClInclude>
    <ClInclude Include="libs\sdl\include\SDL3\SDL_test_memory.h">
      <Filter>libs\sdl\include\SDL3</Filter>
    </ClInclude>
    <ClInclude Include="libs\sdl\include\SDL3\SDL_thread.h">
      <Filter>libs\sdl\include\SDL3</Filter>
    </ClInclude>
    <ClInclude Include="libs\sdl\include\SDL3\SDL_time.h">
      <Filter>libs\sdl\include\SDL3</Filter>
    </ClInclude>
    <ClInclude Include="libs\sdl\include\SDL3\SDL_timer.h">
      <Filter>libs\sdl\include\SDL3</Filter>
    </ClInclude>
    <ClInclude Include="libs\sdl\include\SDL3\SDL_touch.h">
      <Filter>libs\sdl\include\SDL3</Filter>
    </ClInclude>
    <ClInclude Include="libs\sdl\include\SDL3\SDL_tray.h">
      <Filter>libs\sdl\include\SDL3</Filter>
    </ClInclude>
    <ClInclude Include="libs\sdl\include\SDL3\SDL_version.h">
      <Filter>libs\sdl\include\SDL3</Filter>
    </ClInclude>
    <ClInclude Include="libs\sdl\include\SDL3\SDL_video.h">
      <Filter>libs\sdl\include\SDL3</Filter>
    </ClInclude>
    <ClInclude Include="libs\sdl\include\SDL3\SDL_vulkan.h">
      <Filter>libs\sdl\include\SDL3</Filter>
    </ClInclude>
    <ClInclude Include="libs\sdl\include\SDL3\SDL.h">
      <Filter>libs\sdl\include\SDL3</Filter>
    </ClInclude>
    <ClInclude Include="libs\sdl\include\SDL3\SDL_assert.h">
      <Filter>libs\sdl\include\SDL3</Filter>
    </ClInclude>
    <ClInclude Include="libs\sdl\include\SDL3\SDL_asyncio.h">
      <Filter>libs\sdl\include\SDL3</Filter>
    </ClInclude>
    <ClInclude Include="libs\sdl\include\SDL3\SDL_atomic.h">
      <Filter>libs\sdl\include\SDL3</Filter>
    </ClInclude>
    <ClInclude Include="libs\sdl\include\SDL3\SDL_audio.h">
      <Filter>libs\sdl\include\SDL3</Filter>
    </ClInclude>
    <ClInclude Include="libs\sdl\include\SDL3\SDL_begin_code.h">
      <Filter>libs\sdl\include\SDL3</Filter>
    </ClInclude>
    <ClInclude Include="libs\sdl\include\SDL3\SDL_bits.h">
      <Filter>libs\sdl\include\SDL3</Filter>
    </ClInclude>
    <ClInclude Include="libs\sdl\include\SDL3\SDL_blendmode.h">
      <Filter>libs\sdl\include\SDL3</Filter>
    </ClInclude>
    <ClInclude Include="libs\sdl\include\SDL3\SDL_camera.h">
      <Filter>libs\sdl\include\SDL3</Filter>
    </ClInclude>
    <ClInclude Include="libs\sdl\include\SDL3\SDL_clipboard.h">
      <Filter>libs\sdl\include\SDL3</Filter>
    </ClInclude>
    <ClInclude Include="libs\sdl\include\SDL3\SDL_close_code.h">
      <Filter>libs\sdl\include\SDL3</Filter>
    </ClInclude>
    <ClInclude Include="libs\sdl\include\SDL3\SDL_copying.h">
      <Filter>libs\sdl\include\SDL3</Filter>
    </ClInclude>
    <ClInclude Include="libs\sdl\include\SDL3\SDL_cpuinfo.h">
      <Filter>libs\sdl\include\SDL3</Filter>
    </ClInclude>
    <ClInclude Include="libs\sdl\include\SDL3\SDL_dialog.h">
      <Filter>libs\sdl\include\SDL3</Filter>
    </ClInclude>
    <ClInclude Include="libs\sdl\include\SDL3\SDL_egl.h">
      <Filter>libs\sdl\include\SDL3</Filter>
    </ClInclude>
    <ClInclude Include="libs\sdl\include\SDL3\SDL_endian.h">
      <Filter>libs\sdl\include\SDL3</Filter>
    </ClInclude>
    <ClInclude Include="libs\sdl\include\SDL3\SDL_error.h">
      <Filter>libs\sdl\include\SDL3</Filter>
    </ClInclude>
    <ClInclude Include="libs\sdl\include\SDL3\SDL_events.h">
      <Filter>libs\sdl\include\SDL3</Filter>
    </ClInclude>
    <ClInclude Include="libs\sdl\include\SDL3\SDL_filesystem.h">
      <Filter>libs\sdl\include\SDL3</Filter>
    </ClInclude>
    <ClInclude Include="libs\sdl\include\SDL3\SDL_gamepad.h">
      <Filter>libs\sdl\include\SDL3</Filter>
    </ClInclude>
    <ClInclude Include="libs\sdl\include\SDL3\SDL_gpu.h">
      <Filter>libs\sdl\include\SDL3</Filter>
    </ClInclude>
    <ClInclude Include="libs\sdl\include\SDL3\SDL_guid.h">
      <Filter>libs\sdl\include\SDL3</Filter>
    </ClInclude>
    <ClInclude Include="libs\sdl\include\SDL3\SDL_haptic.h">
      <Filter>libs\sdl\include\SDL3</Filter>
    </ClInclude>
    <ClInclude Include="libs\sdl\include\SDL3\SDL_hidapi.h">
      <Filter>libs\sdl\include\SDL3</Filter>
    </ClInclude>
    <ClInclude Include="libs\sdl\include\SDL3\SDL_hints.h">
      <Filter>libs\sdl\include\SDL3</Filter>
    </ClInclude>
    <ClInclude Include="libs\sdl\include\SDL3\SDL_init.h">
      <Filter>libs\sdl\include\SDL3</Filter>
    </ClInclude>
    <ClInclude Include="libs\sdl\include\SDL3\SDL_intrin.h">
      <Filter>libs\sdl\include\SDL3</Filter>
    </ClInclude>
    <ClInclude Include="libs\sdl\include\SDL3\SDL_iostream.h">
      <Filter>libs\sdl\include\SDL3</Filter>
    </ClInclude>
    <ClInclude Include="libs\sdl\include\SDL3\SDL_joystick.h">
      <Filter>libs\sdl\include\SDL3</Filter>
    </ClInclude>
    <ClInclude Include="libs\sdl\include\SDL3\SDL_keyboard.h">
      <Filter>libs\sdl\include\SDL3</Filter>
    </ClInclude>
    <ClInclude Include="libs\sdl\include\SDL3\SDL_keycode.h">
      <Filter>libs\sdl\include\SDL3</Filter>
    </ClInclude>
    <ClInclude Include="libs\sdl\include\SDL3\SDL_loadso.h">
      <Filter>libs\sdl\include\SDL3</Filter>
    </ClInclude>
    <ClInclude Include="libs\sdl\include\SDL3\SDL_locale.h">
      <Filter>libs\sdl\include\SDL3</Filter>
    </ClInclude>
    <ClInclude Include="libs\sdl\include\SDL3\SDL_log.h">
      <Filter>libs\sdl\include\SDL3</Filter>
    </ClInclude>
    <ClInclude Include="libs\sdl\include\SDL3\SDL_main.h">
      <Filter>libs\sdl\include\SDL3</Filter>
    </ClInclude>
    <ClInclude Include="libs\sdl\include\SDL3\SDL_main_impl.h">
      <Filter>libs\sdl\include\SDL3</Filter>
    </ClInclude>
    <ClInclude Include="libs\sdl\include\SDL3\SDL_messagebox.h">
      <Filter>libs\sdl\include\SDL3</Filter>
    </ClInclude>
    <ClInclude Include="libs\sdl\include\SDL3\SDL_metal.h">
      <Filter>libs\sdl\include\SDL3</Filter>
    </ClInclude>
    <ClInclude Include="libs\sdl\include\SDL3\SDL_misc.h">
      <Filter>libs\sdl\include\SDL3</Filter>
    </ClInclude>
    <ClInclude Include="libs\sdl\include\SDL3\SDL_mouse.h">
      <Filter>libs\sdl\include\SDL3</Filter>
    </ClInclude>
    <ClInclude Include="libs\sdl\include\SDL3\SDL_mutex.h">
      <Filter>libs\sdl\include\SDL3</Filter>
    </ClInclude>
    <ClInclude Include="libs\sdl\include\SDL3\SDL_oldnames.h">
      <Filter>libs\sdl\include\SDL3</Filter>
    </ClInclude>
    <ClInclude Include="libs\sdl\include\SDL3\SDL_opengl.h">
      <Filter>libs\sdl\include\SDL3</Filter>
    </ClInclude>
    <ClInclude Include="libs\sdl\include\SDL3\SDL_opengl_glext.h">
      <Filter>libs\sdl\include\SDL3</Filter>
    </ClInclude>
    <ClInclude Include="libs\sdl\include\SDL3\SDL_opengles.h">
      <Filter>libs\sdl\include\SDL3</Filter>
    </ClInclude>
    <ClInclude Include="libs\sdl\include\SDL3\SDL_opengles2.h">
      <Filter>libs\sdl\include\SDL3</Filter>
    </ClInclude>
    <ClInclude Include="libs\sdl\include\SDL3\SDL_opengles2_gl2.h">
      <Filter>libs\sdl\include\SDL3</Filter>
    </ClInclude>
    <ClInclude Include="libs\sdl\include\SDL3\SDL_opengles2_gl2ext.h">
      <Filter>libs\sdl\include\SDL3</Filter>
    </ClInclude>
    <ClInclude Include="libs\sdl\include\SDL3\SDL_opengles2_gl2platform.h">
      <Filter>libs\sdl\include\SDL3</Filter>
    </ClInclude>
    <ClInclude Include="libs\sdl\include\SDL3\SDL_opengles2_khrplatform.h">
      <Filter>libs\sdl\include\SDL3</Filter>
    </ClInclude>
    <ClInclude Include="libs\sdl\include\SDL3\SDL_pen.h">
      <Filter>libs\sdl\include\SDL3</Filter>
    </ClInclude>
    <ClInclude Include="libs\sdl\include\SDL3\SDL_pixels.h">
      <Filter>libs\sdl\include\SDL3</Filter>
    </ClInclude>
    <ClInclude Include="libs\sdl\include\SDL3\SDL_platform.h">
      <Filter>libs\sdl\include\SDL3</Filter>
    </ClInclude>
    <ClInclude Include="libs\sdl\include\SDL3\SDL_platform_defines.h">
      <Filter>libs\sdl\include\SDL3</Filter>
    </ClInclude>
    <ClInclude Include="libs\sdl\include\SDL3\SDL_power.h">
      <Filter>libs\sdl\include\SDL3</Filter>
    </ClInclude>
    <ClInclude Include="libs\sdl\include\SDL3\SDL_process.h">
      <Filter>libs\sdl\include\SDL3</Filter>
    </ClInclude>
    <ClInclude Include="libs\sdl\include\SDL3\SDL_properties.h">
      <Filter>libs\sdl\include\SDL3</Filter>
    </ClInclude>
    <ClInclude Include="libs\sdl\include\SDL3\SDL_rect.h">
      <Filter>libs\sdl\include\SDL3</Filter>
    </ClInclude>
    <ClInclude Include="libs\sdl\include\SDL3\SDL_render.h">
      <Filter>libs\sdl\include\SDL3</Filter>
    </ClInclude>
    <ClInclude Include="libs\sdl\include\SDL3\SDL_revision.h">
      <Filter>libs\sdl\include\SDL3</Filter>
    </ClInclude>
    <ClInclude Include="libs\sdl\include\SDL3\SDL_scancode.h">
      <Filter>libs\sdl\include\SDL3</Filter>
    </ClInclude>
    <ClInclude Include="libs\sdl\include\SDL3\SDL_sensor.h">
      <Filter>libs\sdl\include\SDL3</Filter>
    </ClInclude>
    <ClInclude Include="libs\sdl\include\SDL3\SDL_stdinc.h">
      <Filter>libs\sdl\include\SDL3</Filter>
    </ClInclude>
    <ClInclude Include="libs\sdl\include\SDL3\SDL_storage.h">
      <Filter>libs\sdl\include\SDL3</Filter>
    </ClInclude>
    <ClInclude Include="libs\sdl\include\SDL3\SDL_surface.h">
      <Filter>libs\sdl\include\SDL3</Filter>
    </ClInclude>
    <ClInclude Include="libs\sdl\include\SDL3\SDL_system.h">
      <Filter>libs\sdl\include\SDL3</Filter>
    </ClInclude>
    <ClInclude Include="libs\sdl\include\SDL3\SDL_test.h">
      <Filter>libs\sdl\include\SDL3</Filter>
    </ClInclude>
    <ClInclude Include="libs\sdl\include\SDL3\SDL_test_assert.h">
      <Filter>libs\sdl\include\SDL3</Filter>
    </ClInclude>
    <ClInclude Include="libs\sdl\include\SDL3\SDL_test_common.h">
      <Filter>libs\sdl\include\SDL3</Filter>
    </ClInclude>
    <ClInclude Include="libs\sdl\include\SDL3\SDL_test_compare.h">
      <Filter>libs\sdl\include\SDL3</Filter>
    </ClInclude>
    <ClInclude Include="libs\sdl\include\SDL3\SDL_test_crc32.h">
      <Filter>libs\sdl\include\SDL3</Filter>
    </ClInclude>
    <ClInclude Include="libs\sdl\include\SDL3\SDL_test_font.h">
      <Filter>libs\sdl\include\SDL3</Filter>
    </ClInclude>
    <ClInclude Include="includes\timer_manager.h">
      <Filter>includes</Filter>
    </ClInclude>
    <ClInclude Include="utils\sdl\u_sdl.h">
      <Filter>utils\sdl</Filter>
    </ClInclude>
    <ClInclude Include="utils\imgui\u_imgui.h">
      <Filter>utils\imgui</Filter>
    </ClInclude>
  </ItemGroup>
  <ItemGroup>
    <Text Include="utils\NamingConventions.txt">
      <Filter>utils</Filter>
    </Text>
    <Text Include="libs\sdl\LICENSE.txt">
      <Filter>libs\sdl</Filter>
    </Text>
  </ItemGroup>
  <ItemGroup>
    <None Include="libs\sdl\README.md">
      <Filter>libs\sdl</Filter>
    </None>
    <None Include="libs\sdl\.git-hash">
      <Filter>libs\sdl</Filter>
    </None>
    <None Include="libs\sdl\INSTALL.md">
      <Filter>libs\sdl</Filter>
    </None>
    <None Include="libs\sdl\lib\SDL3.dll">
      <Filter>libs\sdl\lib</Filter>
    </None>
    <None Include="libs\sdl\cmake\SDL3ConfigVersion.cmake">
      <Filter>libs\sdl\cmake</Filter>
    </None>
    <None Include="libs\sdl\cmake\sdlcpu.cmake">
      <Filter>libs\sdl\cmake</Filter>
    </None>
    <None Include="libs\sdl\cmake\SDL3Config.cmake">
      <Filter>libs\sdl\cmake</Filter>
    </None>
  </ItemGroup>
  <ItemGroup>
    <Library Include="libs\sdl\lib\SDL3.lib">
      <Filter>libs\sdl\lib</Filter>
    </Library>
  </ItemGroup>
</Project>